{
  "version": 4,
  "terraform_version": "1.5.2",
  "serial": 21,
  "lineage": "b19ab6da-f18a-943f-34e1-be06665779c4",
  "outputs": {
    "kubeconfig": {
      "value": "apiVersion: v1\nclusters:\n- cluster:\n    certificate-authority-data: LS0tLS1CRUdJTiBDRVJUSUZJQ0FURS0tLS0tCk1JSUJkekNDQVIyZ0F3SUJBZ0lCQURBS0JnZ3Foa2pPUFFRREFqQWpNU0V3SHdZRFZRUUREQmhyTTNNdGMyVnkKZG1WeUxXTmhRREUyT0RnNU1EWTBPREF3SGhjTk1qTXdOekE1TVRJME1USXdXaGNOTXpNd056QTJNVEkwTVRJdwpXakFqTVNFd0h3WURWUVFEREJock0zTXRjMlZ5ZG1WeUxXTmhRREUyT0RnNU1EWTBPREF3V1RBVEJnY3Foa2pPClBRSUJCZ2dxaGtqT1BRTUJCd05DQUFUc01FMUNVNXBDUHFsTmhCcUJyajJRcVFkV1ljbmtQN3hVRk1aQU5hU0IKa2JWNW1yWElpMTNaS0ptYUh4ZjlZanJ3UzMrLzh1YkU4VXgxOTllRVB6RGpvMEl3UURBT0JnTlZIUThCQWY4RQpCQU1DQXFRd0R3WURWUjBUQVFIL0JBVXdBd0VCL3pBZEJnTlZIUTRFRmdRVUNVdmlOSkE1b25wVGptQUIvSXhiCmtZRE92LzR3Q2dZSUtvWkl6ajBFQXdJRFNBQXdSUUlnSGIwQ01mamxIT2ZnSzJkbXF1Q3k2clJNdktIU2Z1bEYKM2k5K041SVpINU1DSVFEQU5vay9KRUw5VkVtZkxwQyszbnBzS2hrdmx6VWNXTU5tNHBsL3pWY2pHZz09Ci0tLS0tRU5EIENFUlRJRklDQVRFLS0tLS0K\n    server: https://91.107.213.249:6443\n  name: k3s\ncontexts:\n- context:\n    cluster: k3s\n    user: k3s\n  name: k3s\ncurrent-context: k3s\nkind: Config\npreferences: {}\nusers:\n- name: k3s\n  user:\n    client-certificate-data: LS0tLS1CRUdJTiBDRVJUSUZJQ0FURS0tLS0tCk1JSUJrakNDQVRlZ0F3SUJBZ0lJRzZQZnRqM09Ed293Q2dZSUtvWkl6ajBFQXdJd0l6RWhNQjhHQTFVRUF3d1kKYXpOekxXTnNhV1Z1ZEMxallVQXhOamc0T1RBMk5EZ3dNQjRYRFRJek1EY3dPVEV5TkRFeU1Gb1hEVEkwTURjdwpPREV5TkRFeU1Gb3dNREVYTUJVR0ExVUVDaE1PYzNsemRHVnRPbTFoYzNSbGNuTXhGVEFUQmdOVkJBTVRESE41CmMzUmxiVHBoWkcxcGJqQlpNQk1HQnlxR1NNNDlBZ0VHQ0NxR1NNNDlBd0VIQTBJQUJDc3RvK3owQUlaVkJLbHcKRmM5bTh2bkw2OS9WUkVrVk1LZEhYc2R1amNXdnhiVDBsTjZSamZSdlRKbFQ3a21NdFBFa0MrYVpOT1pMWnhxdgpad00yY1B5alNEQkdNQTRHQTFVZER3RUIvd1FFQXdJRm9EQVRCZ05WSFNVRUREQUtCZ2dyQmdFRkJRY0RBakFmCkJnTlZIU01FR0RBV2dCUlhJNktVUU5iV2VnUFJxT0VTOUFHUk5wamtPakFLQmdncWhrak9QUVFEQWdOSkFEQkcKQWlFQW9zTDdhRkhXQkh1UWVIb0xBSEE0dksyb2dtVStpZ092NjRZWXFPS3hxUUlDSVFENm15U2NBSTBTQzhlagoyd0Q0SzRhdVowNDJqQkVTanpCUkxHZUpSS200dWc9PQotLS0tLUVORCBDRVJUSUZJQ0FURS0tLS0tCi0tLS0tQkVHSU4gQ0VSVElGSUNBVEUtLS0tLQpNSUlCZURDQ0FSMmdBd0lCQWdJQkFEQUtCZ2dxaGtqT1BRUURBakFqTVNFd0h3WURWUVFEREJock0zTXRZMnhwClpXNTBMV05oUURFMk9EZzVNRFkwT0RBd0hoY05Nak13TnpBNU1USTBNVEl3V2hjTk16TXdOekEyTVRJME1USXcKV2pBak1TRXdId1lEVlFRRERCaHJNM010WTJ4cFpXNTBMV05oUURFMk9EZzVNRFkwT0RBd1dUQVRCZ2NxaGtqTwpQUUlCQmdncWhrak9QUU1CQndOQ0FBU2YyY2VRcmYyL1AwMThObUdZVGQwejhZTVN4YU50ZEZyUjJKay8zMHNLCnNxa0RPS1hGdEJtZGZzYkFQam5WRmEvZ0dyemZFa0c0RzMvdlJkd01PY3VLbzBJd1FEQU9CZ05WSFE4QkFmOEUKQkFNQ0FxUXdEd1lEVlIwVEFRSC9CQVV3QXdFQi96QWRCZ05WSFE0RUZnUVVWeU9pbEVEVzFub0QwYWpoRXZRQgprVGFZNURvd0NnWUlLb1pJemowRUF3SURTUUF3UmdJaEFMbWxSem0zU2RmV3JzYnVEMndUMStyNml2eTA3SzNHCm84QnVRNnNjbzdUR0FpRUF3QUNlK3E5Ny9wQW9pQ1l2Z05NbDAxcXRmL3dYREo0d1BRRlpyQkZCZ01jPQotLS0tLUVORCBDRVJUSUZJQ0FURS0tLS0tCg==\n    client-key-data: LS0tLS1CRUdJTiBFQyBQUklWQVRFIEtFWS0tLS0tCk1IY0NBUUVFSU9scWUxRktRdGk2M05qRDN0bjVuVFBRZXQxaVcrNU5qY0ZBTk45RUUyQ3dvQW9HQ0NxR1NNNDkKQXdFSG9VUURRZ0FFS3kyajdQUUFobFVFcVhBVnoyYnkrY3ZyMzlWRVNSVXdwMGRleDI2TnhhL0Z0UFNVM3BHTgo5RzlNbVZQdVNZeTA4U1FMNXBrMDVrdG5HcTluQXpady9BPT0KLS0tLS1FTkQgRUMgUFJJVkFURSBLRVktLS0tLQo=\n",
      "type": "string",
      "sensitive": true
    }
  },
  "resources": [
    {
      "module": "module.kube-hetzner",
      "mode": "data",
      "type": "github_release",
      "name": "hetzner_ccm",
      "provider": "provider[\"registry.terraform.io/integrations/github\"]",
      "instances": [
        {
          "index_key": 0,
          "schema_version": 0,
          "attributes": {
            "asserts_url": "https://api.github.com/repos/hetznercloud/hcloud-cloud-controller-manager/releases/108881564/assets",
            "assets": [
              {
                "browser_download_url": "https://github.com/hetznercloud/hcloud-cloud-controller-manager/releases/download/v1.16.0/ccm-networks.yaml",
                "content_type": "application/x-yaml",
                "created_at": "2023-06-16 14:25:26 +0000 UTC",
                "id": 113069845,
                "label": "",
                "name": "ccm-networks.yaml",
                "node_id": "RA_kwDOBxR_Mc4GvU8V",
                "size": 2855,
                "updated_at": "2023-06-16 14:25:26 +0000 UTC",
                "url": "https://api.github.com/repos/hetznercloud/hcloud-cloud-controller-manager/releases/assets/113069845"
              },
              {
                "browser_download_url": "https://github.com/hetznercloud/hcloud-cloud-controller-manager/releases/download/v1.16.0/ccm.yaml",
                "content_type": "application/x-yaml",
                "created_at": "2023-06-16 14:25:26 +0000 UTC",
                "id": 113069846,
                "label": "",
                "name": "ccm.yaml",
                "node_id": "RA_kwDOBxR_Mc4GvU8W",
                "size": 2591,
                "updated_at": "2023-06-16 14:25:26 +0000 UTC",
                "url": "https://api.github.com/repos/hetznercloud/hcloud-cloud-controller-manager/releases/assets/113069846"
              },
              {
                "browser_download_url": "https://github.com/hetznercloud/hcloud-cloud-controller-manager/releases/download/v1.16.0/hcloud-cloud-controller-manager-v1.16.0.tgz",
                "content_type": "application/x-compressed-tar",
                "created_at": "2023-06-16 14:25:27 +0000 UTC",
                "id": 113069848,
                "label": "",
                "name": "hcloud-cloud-controller-manager-v1.16.0.tgz",
                "node_id": "RA_kwDOBxR_Mc4GvU8Y",
                "size": 3390,
                "updated_at": "2023-06-16 14:25:27 +0000 UTC",
                "url": "https://api.github.com/repos/hetznercloud/hcloud-cloud-controller-manager/releases/assets/113069848"
              }
            ],
            "assets_url": "https://api.github.com/repos/hetznercloud/hcloud-cloud-controller-manager/releases/108881564/assets",
            "body": "## [1.16.0](https://github.com/hetznercloud/hcloud-cloud-controller-manager/compare/v1.15.0-rc.0...v1.16.0) (2023-06-16)\n\n\n### Features\n\n* **helm:** allow to manually set network name or ID ([#458](https://github.com/hetznercloud/hcloud-cloud-controller-manager/issues/458)) ([8410277](https://github.com/hetznercloud/hcloud-cloud-controller-manager/commit/841027753b1ae140471a4bc862cad425daf725dc))\n\n\n### Bug Fixes\n\n* **ci:** qemu binfmt wrappers during release ([#421](https://github.com/hetznercloud/hcloud-cloud-controller-manager/issues/421)) ([84a7541](https://github.com/hetznercloud/hcloud-cloud-controller-manager/commit/84a754170eab6ed8f91035c84692d9cd82712254))\n* **routes:** Only delete routes in the Cluster CIDR ([#432](https://github.com/hetznercloud/hcloud-cloud-controller-manager/issues/432)) ([c35d292](https://github.com/hetznercloud/hcloud-cloud-controller-manager/commit/c35d292b72003bd48203a6fa0fa476113633406a))\n\n\n### Continuous Integration\n\n* setup release-please ([#437](https://github.com/hetznercloud/hcloud-cloud-controller-manager/issues/437)) ([bbec89e](https://github.com/hetznercloud/hcloud-cloud-controller-manager/commit/bbec89ef9e1c6bf75b06dec4abdafc14afe549c9))",
            "created_at": "2023-06-16 14:18:05 +0000 UTC",
            "draft": false,
            "html_url": "https://github.com/hetznercloud/hcloud-cloud-controller-manager/releases/tag/v1.16.0",
            "id": "108881564",
            "name": "v1.16.0",
            "owner": "hetznercloud",
            "prerelease": false,
            "published_at": "2023-06-16 14:18:27 +0000 UTC",
            "release_id": null,
            "release_tag": "v1.16.0",
            "repository": "hcloud-cloud-controller-manager",
            "retrieve_by": "latest",
            "tarball_url": "https://api.github.com/repos/hetznercloud/hcloud-cloud-controller-manager/tarball/v1.16.0",
            "target_commitish": "185a5c0080bcd5403070f702e93cae2247cff120",
            "upload_url": "https://uploads.github.com/repos/hetznercloud/hcloud-cloud-controller-manager/releases/108881564/assets{?name,label}",
            "url": "https://api.github.com/repos/hetznercloud/hcloud-cloud-controller-manager/releases/108881564",
            "zipball_url": "https://api.github.com/repos/hetznercloud/hcloud-cloud-controller-manager/zipball/v1.16.0"
          },
          "sensitive_attributes": []
        }
      ]
    },
    {
      "module": "module.kube-hetzner",
      "mode": "data",
      "type": "github_release",
      "name": "hetzner_csi",
      "provider": "provider[\"registry.terraform.io/integrations/github\"]",
      "instances": [
        {
          "index_key": 0,
          "schema_version": 0,
          "attributes": {
            "asserts_url": "https://api.github.com/repos/hetznercloud/csi-driver/releases/99121977/assets",
            "assets": [
              {
                "browser_download_url": "https://github.com/hetznercloud/csi-driver/releases/download/v2.3.2/csi-driver_2.3.2_checksums.txt",
                "content_type": "text/plain; charset=utf-8",
                "created_at": "2023-04-12 10:42:17 +0000 UTC",
                "id": 103329234,
                "label": "",
                "name": "csi-driver_2.3.2_checksums.txt",
                "node_id": "RA_kwDOCa6nks4GKK3S",
                "size": 306,
                "updated_at": "2023-04-12 10:42:18 +0000 UTC",
                "url": "https://api.github.com/repos/hetznercloud/csi-driver/releases/assets/103329234"
              },
              {
                "browser_download_url": "https://github.com/hetznercloud/csi-driver/releases/download/v2.3.2/csi-driver_2.3.2_linux_amd64.tar.gz",
                "content_type": "application/gzip",
                "created_at": "2023-04-12 10:42:17 +0000 UTC",
                "id": 103329233,
                "label": "",
                "name": "csi-driver_2.3.2_linux_amd64.tar.gz",
                "node_id": "RA_kwDOCa6nks4GKK3R",
                "size": 9227842,
                "updated_at": "2023-04-12 10:42:18 +0000 UTC",
                "url": "https://api.github.com/repos/hetznercloud/csi-driver/releases/assets/103329233"
              },
              {
                "browser_download_url": "https://github.com/hetznercloud/csi-driver/releases/download/v2.3.2/csi-driver_2.3.2_linux_arm64.tar.gz",
                "content_type": "application/gzip",
                "created_at": "2023-04-12 10:42:16 +0000 UTC",
                "id": 103329232,
                "label": "",
                "name": "csi-driver_2.3.2_linux_arm64.tar.gz",
                "node_id": "RA_kwDOCa6nks4GKK3Q",
                "size": 8497472,
                "updated_at": "2023-04-12 10:42:17 +0000 UTC",
                "url": "https://api.github.com/repos/hetznercloud/csi-driver/releases/assets/103329232"
              },
              {
                "browser_download_url": "https://github.com/hetznercloud/csi-driver/releases/download/v2.3.2/csi-driver_2.3.2_linux_armv6.tar.gz",
                "content_type": "application/gzip",
                "created_at": "2023-04-12 10:42:16 +0000 UTC",
                "id": 103329231,
                "label": "",
                "name": "csi-driver_2.3.2_linux_armv6.tar.gz",
                "node_id": "RA_kwDOCa6nks4GKK3P",
                "size": 8732846,
                "updated_at": "2023-04-12 10:42:17 +0000 UTC",
                "url": "https://api.github.com/repos/hetznercloud/csi-driver/releases/assets/103329231"
              }
            ],
            "assets_url": "https://api.github.com/repos/hetznercloud/csi-driver/releases/99121977/assets",
            "body": "Affordable, sustainable \u0026 powerful! 🚀You can now get one of our Arm64 CAX servers to optimize your operations while minimizing your costs!\r\nDiscover Ampere’s efficient and robust Arm64 architecture and be ready to get blown away with its performance. 😎\r\n\r\nLearn more: https://www.hetzner.com/news/arm64-cloud\r\n\r\n## What's Changed\r\n* fix(ci): correct image tag in generated k8s manifests by @samcday in https://github.com/hetznercloud/csi-driver/pull/407\r\n\r\n\r\n**Full Changelog**: https://github.com/hetznercloud/csi-driver/compare/v2.3.1...v2.3.2",
            "created_at": "2023-04-12 10:38:58 +0000 UTC",
            "draft": false,
            "html_url": "https://github.com/hetznercloud/csi-driver/releases/tag/v2.3.2",
            "id": "99121977",
            "name": "v2.3.2",
            "owner": "hetznercloud",
            "prerelease": false,
            "published_at": "2023-04-12 10:38:39 +0000 UTC",
            "release_id": null,
            "release_tag": "v2.3.2",
            "repository": "csi-driver",
            "retrieve_by": "latest",
            "tarball_url": "https://api.github.com/repos/hetznercloud/csi-driver/tarball/v2.3.2",
            "target_commitish": "main",
            "upload_url": "https://uploads.github.com/repos/hetznercloud/csi-driver/releases/99121977/assets{?name,label}",
            "url": "https://api.github.com/repos/hetznercloud/csi-driver/releases/99121977",
            "zipball_url": "https://api.github.com/repos/hetznercloud/csi-driver/zipball/v2.3.2"
          },
          "sensitive_attributes": []
        }
      ]
    },
    {
      "module": "module.kube-hetzner",
      "mode": "data",
      "type": "github_release",
      "name": "kured",
      "provider": "provider[\"registry.terraform.io/integrations/github\"]",
      "instances": [
        {
          "index_key": 0,
          "schema_version": 0,
          "attributes": {
            "asserts_url": "https://api.github.com/repos/kubereboot/kured/releases/107800554/assets",
            "assets": [
              {
                "browser_download_url": "https://github.com/kubereboot/kured/releases/download/1.13.1/kured-1.13.1-dockerhub.yaml",
                "content_type": "application/x-yaml",
                "created_at": "2023-06-08 08:51:38 +0000 UTC",
                "id": 111826039,
                "label": "",
                "name": "kured-1.13.1-dockerhub.yaml",
                "node_id": "RA_kwDOBUgOWc4GqlR3",
                "size": 4459,
                "updated_at": "2023-06-08 08:51:40 +0000 UTC",
                "url": "https://api.github.com/repos/kubereboot/kured/releases/assets/111826039"
              }
            ],
            "assets_url": "https://api.github.com/repos/kubereboot/kured/releases/107800554/assets",
            "body": "## Build and Testing\r\n\r\n- update k8s deps\r\n- release 1.13.1 (#779)\r\n- build(deps): bump github.com/prometheus/client_golang\r\n- build(deps): bump github.com/prometheus/common from 0.42.0 to 0.43.0 (#762)\r\n- build(deps): bump alpine from 3.17.3 to 3.18.0\r\n- build(deps): bump lycheeverse/lychee-action from 1.7.0 to 1.8.0\r\n- build(deps): bump helm/kind-action from 1.5.0 to 1.6.0 (#766)\r\n- build(deps): bump helm/kind-action from 1.6.0 to 1.7.0 (#767)\r\n- build(deps): bump github.com/sirupsen/logrus from 1.9.0 to 1.9.2\r\n- build(deps): bump github.com/stretchr/testify from 1.8.2 to 1.8.3\r\n- build(deps): bump github.com/prometheus/common from 0.43.0 to 0.44.0\r\n- build(deps): bump github.com/spf13/viper from 1.15.0 to 1.16.0 (#773)\r\n- build(deps): bump github.com/stretchr/testify from 1.8.3 to 1.8.4\r\n- build(deps): bump github.com/sirupsen/logrus from 1.9.2 to 1.9.3\r\n- build(deps): bump aquasecurity/trivy-action from 0.10.0 to 0.11.0\r\n- build(deps): bump docker/metadata-action from 4.4.0 to 4.5.0\r\n\r\n## Kubernetes Version Compatibility\r\n\r\nThe daemon image contains a 1.26.x k8s.io/{client-go,kubectl} for the purposes of maintaining the lock and draining worker nodes. Kubernetes aims to provide forwards \u0026 backwards compatibility of one minor version between client and server, so this should work on 1.25.x, 1.26.x and 1.27.x\r\n\r\nThanks a lot to everyone who contributed to kured since 1.13.0.",
            "created_at": "2023-06-08 08:30:05 +0000 UTC",
            "draft": false,
            "html_url": "https://github.com/kubereboot/kured/releases/tag/1.13.1",
            "id": "107800554",
            "name": "Kured 1.13.1",
            "owner": "weaveworks",
            "prerelease": false,
            "published_at": "2023-06-08 08:56:31 +0000 UTC",
            "release_id": null,
            "release_tag": "1.13.1",
            "repository": "kured",
            "retrieve_by": "latest",
            "tarball_url": "https://api.github.com/repos/kubereboot/kured/tarball/1.13.1",
            "target_commitish": "main",
            "upload_url": "https://uploads.github.com/repos/kubereboot/kured/releases/107800554/assets{?name,label}",
            "url": "https://api.github.com/repos/kubereboot/kured/releases/107800554",
            "zipball_url": "https://api.github.com/repos/kubereboot/kured/zipball/1.13.1"
          },
          "sensitive_attributes": []
        }
      ]
    },
    {
      "module": "module.kube-hetzner",
      "mode": "data",
      "type": "hcloud_image",
      "name": "microos_arm_snapshot",
      "provider": "provider[\"registry.terraform.io/hetznercloud/hcloud\"]",
      "instances": [
        {
          "schema_version": 0,
          "attributes": {
            "architecture": "arm",
            "created": "2023-07-09T11:39:32Z",
            "deprecated": null,
            "description": "OpenSUSE MicroOS ARM by Kube-Hetzner",
            "id": 118156720,
            "labels": {
              "creator": "kube-hetzner",
              "microos-snapshot": "yes"
            },
            "most_recent": true,
            "name": "",
            "os_flavor": "ubuntu",
            "os_version": "",
            "rapid_deploy": false,
            "selector": null,
            "type": "snapshot",
            "with_architecture": "arm",
            "with_selector": "microos-snapshot=yes",
            "with_status": null
          },
          "sensitive_attributes": []
        }
      ]
    },
    {
      "module": "module.kube-hetzner",
      "mode": "data",
      "type": "hcloud_image",
      "name": "microos_x86_snapshot",
      "provider": "provider[\"registry.terraform.io/hetznercloud/hcloud\"]",
      "instances": [
        {
          "schema_version": 0,
          "attributes": {
            "architecture": "x86",
            "created": "2023-07-09T11:38:08Z",
            "deprecated": null,
            "description": "OpenSUSE MicroOS x86 by Kube-Hetzner",
            "id": 118156471,
            "labels": {
              "creator": "kube-hetzner",
              "microos-snapshot": "yes"
            },
            "most_recent": true,
            "name": "",
            "os_flavor": "ubuntu",
            "os_version": "",
            "rapid_deploy": false,
            "selector": null,
            "type": "snapshot",
            "with_architecture": "x86",
            "with_selector": "microos-snapshot=yes",
            "with_status": null
          },
          "sensitive_attributes": []
        }
      ]
    },
    {
      "module": "module.kube-hetzner",
      "mode": "data",
      "type": "remote_file",
      "name": "kubeconfig",
      "provider": "provider[\"registry.terraform.io/tenstad/remote\"]",
      "instances": [
        {
          "schema_version": 0,
          "attributes": {
            "conn": [
              {
                "agent": false,
                "host": "91.107.213.249",
                "password": "",
                "port": 22,
                "private_key": "-----BEGIN OPENSSH PRIVATE KEY-----\nb3BlbnNzaC1rZXktdjEAAAAABG5vbmUAAAAEbm9uZQAAAAAAAAABAAAAMwAAAAtzc2gtZW\nQyNTUxOQAAACB0Tsw5s7UP1XFJFBRQKM/Q+u+mKvO+ElW90yGB5nb8cAAAAJjqvMUh6rzF\nIQAAAAtzc2gtZWQyNTUxOQAAACB0Tsw5s7UP1XFJFBRQKM/Q+u+mKvO+ElW90yGB5nb8cA\nAAAEDyt0bNG1UO3XsKJa8CWNnLX173gL4Xue6G9Q3Meimn5HROzDmztQ/VcUkUFFAoz9D6\n76Yq874SVb3TIYHmdvxwAAAAEGdpdGh1YkBkaXJsaS5uZXQBAgMEBQ==\n-----END OPENSSH PRIVATE KEY-----\n",
                "private_key_env_var": "",
                "private_key_path": "",
                "sudo": false,
                "timeout": 0,
                "user": "root"
              }
            ],
            "content": "apiVersion: v1\nclusters:\n- cluster:\n    certificate-authority-data: LS0tLS1CRUdJTiBDRVJUSUZJQ0FURS0tLS0tCk1JSUJkekNDQVIyZ0F3SUJBZ0lCQURBS0JnZ3Foa2pPUFFRREFqQWpNU0V3SHdZRFZRUUREQmhyTTNNdGMyVnkKZG1WeUxXTmhRREUyT0RnNU1EWTBPREF3SGhjTk1qTXdOekE1TVRJME1USXdXaGNOTXpNd056QTJNVEkwTVRJdwpXakFqTVNFd0h3WURWUVFEREJock0zTXRjMlZ5ZG1WeUxXTmhRREUyT0RnNU1EWTBPREF3V1RBVEJnY3Foa2pPClBRSUJCZ2dxaGtqT1BRTUJCd05DQUFUc01FMUNVNXBDUHFsTmhCcUJyajJRcVFkV1ljbmtQN3hVRk1aQU5hU0IKa2JWNW1yWElpMTNaS0ptYUh4ZjlZanJ3UzMrLzh1YkU4VXgxOTllRVB6RGpvMEl3UURBT0JnTlZIUThCQWY4RQpCQU1DQXFRd0R3WURWUjBUQVFIL0JBVXdBd0VCL3pBZEJnTlZIUTRFRmdRVUNVdmlOSkE1b25wVGptQUIvSXhiCmtZRE92LzR3Q2dZSUtvWkl6ajBFQXdJRFNBQXdSUUlnSGIwQ01mamxIT2ZnSzJkbXF1Q3k2clJNdktIU2Z1bEYKM2k5K041SVpINU1DSVFEQU5vay9KRUw5VkVtZkxwQyszbnBzS2hrdmx6VWNXTU5tNHBsL3pWY2pHZz09Ci0tLS0tRU5EIENFUlRJRklDQVRFLS0tLS0K\n    server: https://127.0.0.1:6443\n  name: default\ncontexts:\n- context:\n    cluster: default\n    user: default\n  name: default\ncurrent-context: default\nkind: Config\npreferences: {}\nusers:\n- name: default\n  user:\n    client-certificate-data: LS0tLS1CRUdJTiBDRVJUSUZJQ0FURS0tLS0tCk1JSUJrakNDQVRlZ0F3SUJBZ0lJRzZQZnRqM09Ed293Q2dZSUtvWkl6ajBFQXdJd0l6RWhNQjhHQTFVRUF3d1kKYXpOekxXTnNhV1Z1ZEMxallVQXhOamc0T1RBMk5EZ3dNQjRYRFRJek1EY3dPVEV5TkRFeU1Gb1hEVEkwTURjdwpPREV5TkRFeU1Gb3dNREVYTUJVR0ExVUVDaE1PYzNsemRHVnRPbTFoYzNSbGNuTXhGVEFUQmdOVkJBTVRESE41CmMzUmxiVHBoWkcxcGJqQlpNQk1HQnlxR1NNNDlBZ0VHQ0NxR1NNNDlBd0VIQTBJQUJDc3RvK3owQUlaVkJLbHcKRmM5bTh2bkw2OS9WUkVrVk1LZEhYc2R1amNXdnhiVDBsTjZSamZSdlRKbFQ3a21NdFBFa0MrYVpOT1pMWnhxdgpad00yY1B5alNEQkdNQTRHQTFVZER3RUIvd1FFQXdJRm9EQVRCZ05WSFNVRUREQUtCZ2dyQmdFRkJRY0RBakFmCkJnTlZIU01FR0RBV2dCUlhJNktVUU5iV2VnUFJxT0VTOUFHUk5wamtPakFLQmdncWhrak9QUVFEQWdOSkFEQkcKQWlFQW9zTDdhRkhXQkh1UWVIb0xBSEE0dksyb2dtVStpZ092NjRZWXFPS3hxUUlDSVFENm15U2NBSTBTQzhlagoyd0Q0SzRhdVowNDJqQkVTanpCUkxHZUpSS200dWc9PQotLS0tLUVORCBDRVJUSUZJQ0FURS0tLS0tCi0tLS0tQkVHSU4gQ0VSVElGSUNBVEUtLS0tLQpNSUlCZURDQ0FSMmdBd0lCQWdJQkFEQUtCZ2dxaGtqT1BRUURBakFqTVNFd0h3WURWUVFEREJock0zTXRZMnhwClpXNTBMV05oUURFMk9EZzVNRFkwT0RBd0hoY05Nak13TnpBNU1USTBNVEl3V2hjTk16TXdOekEyTVRJME1USXcKV2pBak1TRXdId1lEVlFRRERCaHJNM010WTJ4cFpXNTBMV05oUURFMk9EZzVNRFkwT0RBd1dUQVRCZ2NxaGtqTwpQUUlCQmdncWhrak9QUU1CQndOQ0FBU2YyY2VRcmYyL1AwMThObUdZVGQwejhZTVN4YU50ZEZyUjJKay8zMHNLCnNxa0RPS1hGdEJtZGZzYkFQam5WRmEvZ0dyemZFa0c0RzMvdlJkd01PY3VLbzBJd1FEQU9CZ05WSFE4QkFmOEUKQkFNQ0FxUXdEd1lEVlIwVEFRSC9CQVV3QXdFQi96QWRCZ05WSFE0RUZnUVVWeU9pbEVEVzFub0QwYWpoRXZRQgprVGFZNURvd0NnWUlLb1pJemowRUF3SURTUUF3UmdJaEFMbWxSem0zU2RmV3JzYnVEMndUMStyNml2eTA3SzNHCm84QnVRNnNjbzdUR0FpRUF3QUNlK3E5Ny9wQW9pQ1l2Z05NbDAxcXRmL3dYREo0d1BRRlpyQkZCZ01jPQotLS0tLUVORCBDRVJUSUZJQ0FURS0tLS0tCg==\n    client-key-data: LS0tLS1CRUdJTiBFQyBQUklWQVRFIEtFWS0tLS0tCk1IY0NBUUVFSU9scWUxRktRdGk2M05qRDN0bjVuVFBRZXQxaVcrNU5qY0ZBTk45RUUyQ3dvQW9HQ0NxR1NNNDkKQXdFSG9VUURRZ0FFS3kyajdQUUFobFVFcVhBVnoyYnkrY3ZyMzlWRVNSVXdwMGRleDI2TnhhL0Z0UFNVM3BHTgo5RzlNbVZQdVNZeTA4U1FMNXBrMDVrdG5HcTluQXpady9BPT0KLS0tLS1FTkQgRUMgUFJJVkFURSBLRVktLS0tLQo=\n",
            "group": "0",
            "group_name": "root",
            "id": "91.107.213.249:22:/etc/rancher/k3s/k3s.yaml",
            "owner": "0",
            "owner_name": "root",
            "path": "/etc/rancher/k3s/k3s.yaml",
            "permissions": "0600"
          },
          "sensitive_attributes": [
            [
              {
                "type": "get_attr",
                "value": "conn"
              },
              {
                "type": "index",
                "value": {
                  "value": 0,
                  "type": "number"
                }
              },
              {
                "type": "get_attr",
                "value": "private_key"
              }
            ],
            [
              {
                "type": "get_attr",
                "value": "conn"
              },
              {
                "type": "index",
                "value": {
                  "value": 0,
                  "type": "number"
                }
              },
              {
                "type": "get_attr",
                "value": "agent"
              }
            ]
          ]
        }
      ]
    },
    {
      "module": "module.kube-hetzner",
      "mode": "data",
      "type": "remote_file",
      "name": "kustomization_backup",
      "provider": "provider[\"registry.terraform.io/tenstad/remote\"]",
      "instances": [
        {
          "schema_version": 0,
          "attributes": {
            "conn": [
              {
                "agent": false,
                "host": "91.107.213.249",
                "password": "",
                "port": 22,
                "private_key": "-----BEGIN OPENSSH PRIVATE KEY-----\nb3BlbnNzaC1rZXktdjEAAAAABG5vbmUAAAAEbm9uZQAAAAAAAAABAAAAMwAAAAtzc2gtZW\nQyNTUxOQAAACB0Tsw5s7UP1XFJFBRQKM/Q+u+mKvO+ElW90yGB5nb8cAAAAJjqvMUh6rzF\nIQAAAAtzc2gtZWQyNTUxOQAAACB0Tsw5s7UP1XFJFBRQKM/Q+u+mKvO+ElW90yGB5nb8cA\nAAAEDyt0bNG1UO3XsKJa8CWNnLX173gL4Xue6G9Q3Meimn5HROzDmztQ/VcUkUFFAoz9D6\n76Yq874SVb3TIYHmdvxwAAAAEGdpdGh1YkBkaXJsaS5uZXQBAgMEBQ==\n-----END OPENSSH PRIVATE KEY-----\n",
                "private_key_env_var": "",
                "private_key_path": "",
                "sudo": false,
                "timeout": 0,
                "user": "root"
              }
            ],
            "content": "\"apiVersion\": \"kustomize.config.k8s.io/v1beta1\"\n\"kind\": \"Kustomization\"\n\"patchesStrategicMerge\":\n- |\n  apiVersion: apps/v1\n  kind: Deployment\n  metadata:\n    name: system-upgrade-controller\n    namespace: system-upgrade\n  spec:\n    template:\n      spec:\n        containers:\n          - name: system-upgrade-controller\n            volumeMounts:\n              - name: ca-certificates\n                mountPath: /var/lib/ca-certificates\n        volumes:\n          - name: ca-certificates\n            hostPath:\n              path: /var/lib/ca-certificates\n              type: Directory\n- \"kured.yaml\"\n- \"ccm.yaml\"\n\"resources\":\n- \"https://github.com/hetznercloud/hcloud-cloud-controller-manager/releases/download/v1.16.0/ccm-networks.yaml\"\n- \"https://github.com/weaveworks/kured/releases/download/1.13.1/kured-1.13.1-dockerhub.yaml\"\n- \"https://raw.githubusercontent.com/rancher/system-upgrade-controller/master/manifests/system-upgrade-controller.yaml\"\n- \"hcloud-csi.yml\"\n- \"traefik_ingress.yaml\"\n- \"cert_manager.yaml\"\n",
            "group": "0",
            "group_name": "root",
            "id": "91.107.213.249:22:/var/post_install/kustomization.yaml",
            "owner": "0",
            "owner_name": "root",
            "path": "/var/post_install/kustomization.yaml",
            "permissions": "0644"
          },
          "sensitive_attributes": [
            [
              {
                "type": "get_attr",
                "value": "conn"
              },
              {
                "type": "index",
                "value": {
                  "value": 0,
                  "type": "number"
                }
              },
              {
                "type": "get_attr",
                "value": "private_key"
              }
            ],
            [
              {
                "type": "get_attr",
                "value": "conn"
              },
              {
                "type": "index",
                "value": {
                  "value": 0,
                  "type": "number"
                }
              },
              {
                "type": "get_attr",
                "value": "agent"
              }
            ]
          ]
        }
      ]
    },
    {
      "module": "module.kube-hetzner",
      "mode": "managed",
      "type": "hcloud_firewall",
      "name": "k3s",
      "provider": "provider[\"registry.terraform.io/hetznercloud/hcloud\"]",
      "instances": [
        {
          "schema_version": 0,
          "attributes": {
            "apply_to": [],
            "id": "963315",
            "labels": {
              "cluster": "k3s",
              "engine": "k3s",
              "provisioner": "terraform"
            },
            "name": "k3s",
            "rule": [
              {
                "description": "Allow Incoming HTTP Connections",
                "destination_ips": [],
                "direction": "in",
                "port": "80",
                "protocol": "tcp",
                "source_ips": [
                  "0.0.0.0/0",
                  "::/0"
                ]
              },
              {
                "description": "Allow Incoming HTTPS Connections",
                "destination_ips": [],
                "direction": "in",
                "port": "443",
                "protocol": "tcp",
                "source_ips": [
                  "0.0.0.0/0",
                  "::/0"
                ]
              },
              {
                "description": "Allow Incoming ICMP Ping Requests",
                "destination_ips": [],
                "direction": "in",
                "port": "",
                "protocol": "icmp",
                "source_ips": [
                  "0.0.0.0/0",
                  "::/0"
                ]
              },
              {
                "description": "Allow Incoming Requests to Kube API Server",
                "destination_ips": [],
                "direction": "in",
                "port": "6443",
                "protocol": "tcp",
                "source_ips": [
                  "0.0.0.0/0",
                  "::/0"
                ]
              },
              {
                "description": "Allow Incoming SSH Traffic",
                "destination_ips": [],
                "direction": "in",
                "port": "22",
                "protocol": "tcp",
                "source_ips": [
                  "0.0.0.0/0",
                  "::/0"
                ]
              },
              {
                "description": "Allow Internal Cluster TCP Traffic",
                "destination_ips": [],
                "direction": "in",
                "port": "any",
                "protocol": "tcp",
                "source_ips": [
                  "10.0.0.0/8",
                  "127.0.0.1/32",
                  "169.254.169.254/32",
                  "213.239.246.21/32"
                ]
              },
              {
                "description": "Allow Internal Cluster UDP Traffic",
                "destination_ips": [],
                "direction": "in",
                "port": "any",
                "protocol": "udp",
                "source_ips": [
                  "10.0.0.0/8",
                  "127.0.0.1/32",
                  "169.254.169.254/32",
                  "213.239.246.21/32"
                ]
              },
              {
                "description": "Allow Outbound HTTP Requests",
                "destination_ips": [
                  "0.0.0.0/0",
                  "::/0"
                ],
                "direction": "out",
                "port": "80",
                "protocol": "tcp",
                "source_ips": []
              },
              {
                "description": "Allow Outbound HTTPS Requests",
                "destination_ips": [
                  "0.0.0.0/0",
                  "::/0"
                ],
                "direction": "out",
                "port": "443",
                "protocol": "tcp",
                "source_ips": []
              },
              {
                "description": "Allow Outbound ICMP Ping Requests",
                "destination_ips": [
                  "0.0.0.0/0",
                  "::/0"
                ],
                "direction": "out",
                "port": "",
                "protocol": "icmp",
                "source_ips": []
              },
              {
                "description": "Allow Outbound TCP DNS Requests",
                "destination_ips": [
                  "0.0.0.0/0",
                  "::/0"
                ],
                "direction": "out",
                "port": "53",
                "protocol": "tcp",
                "source_ips": []
              },
              {
                "description": "Allow Outbound UDP DNS Requests",
                "destination_ips": [
                  "0.0.0.0/0",
                  "::/0"
                ],
                "direction": "out",
                "port": "53",
                "protocol": "udp",
                "source_ips": []
              },
              {
                "description": "Allow Outbound UDP NTP Requests",
                "destination_ips": [
                  "0.0.0.0/0",
                  "::/0"
                ],
                "direction": "out",
                "port": "123",
                "protocol": "udp",
                "source_ips": []
              }
            ]
          },
          "sensitive_attributes": [],
          "private": "bnVsbA=="
        }
      ]
    },
    {
      "module": "module.kube-hetzner",
      "mode": "managed",
      "type": "hcloud_network",
      "name": "k3s",
      "provider": "provider[\"registry.terraform.io/hetznercloud/hcloud\"]",
      "instances": [
        {
          "schema_version": 0,
          "attributes": {
            "delete_protection": false,
            "expose_routes_to_vswitch": false,
            "id": "3100730",
            "ip_range": "10.0.0.0/8",
            "labels": {
              "cluster": "k3s",
              "engine": "k3s",
              "provisioner": "terraform"
            },
            "name": "k3s"
          },
          "sensitive_attributes": [],
          "private": "bnVsbA=="
        }
      ]
    },
    {
      "module": "module.kube-hetzner",
      "mode": "managed",
      "type": "hcloud_network_subnet",
      "name": "agent",
      "provider": "provider[\"registry.terraform.io/hetznercloud/hcloud\"]",
      "instances": [
        {
          "index_key": 0,
          "schema_version": 0,
          "attributes": {
            "gateway": "10.0.0.1",
            "id": "3100730-10.0.0.0/16",
            "ip_range": "10.0.0.0/16",
            "network_id": 3100730,
            "network_zone": "eu-central",
            "type": "cloud",
            "vswitch_id": null
          },
          "sensitive_attributes": [],
          "private": "bnVsbA==",
          "dependencies": [
            "module.kube-hetzner.hcloud_network.k3s"
          ]
        }
      ]
    },
    {
      "module": "module.kube-hetzner",
      "mode": "managed",
      "type": "hcloud_network_subnet",
      "name": "control_plane",
      "provider": "provider[\"registry.terraform.io/hetznercloud/hcloud\"]",
      "instances": [
        {
          "index_key": 0,
          "schema_version": 0,
          "attributes": {
            "gateway": "10.0.0.1",
            "id": "3100730-10.255.0.0/16",
            "ip_range": "10.255.0.0/16",
            "network_id": 3100730,
            "network_zone": "eu-central",
            "type": "cloud",
            "vswitch_id": null
          },
          "sensitive_attributes": [],
          "private": "bnVsbA==",
          "dependencies": [
            "module.kube-hetzner.hcloud_network.k3s"
          ]
        }
      ]
    },
    {
      "module": "module.kube-hetzner",
      "mode": "managed",
      "type": "hcloud_placement_group",
      "name": "control_plane",
      "provider": "provider[\"registry.terraform.io/hetznercloud/hcloud\"]",
      "instances": [
        {
          "index_key": 0,
          "schema_version": 0,
          "attributes": {
            "id": "181981",
            "labels": {
              "cluster": "k3s",
              "engine": "k3s",
              "provisioner": "terraform"
            },
            "name": "k3s-control-plane-1",
            "servers": [],
            "type": "spread"
          },
          "sensitive_attributes": [],
          "private": "bnVsbA=="
        }
      ]
    },
    {
      "module": "module.kube-hetzner",
      "mode": "managed",
      "type": "hcloud_ssh_key",
      "name": "k3s",
      "provider": "provider[\"registry.terraform.io/hetznercloud/hcloud\"]",
      "instances": [
        {
          "index_key": 0,
          "schema_version": 0,
          "attributes": {
            "fingerprint": "65:f4:56:7a:6e:12:31:96:76:44:f7:a5:b5:c3:20:a7",
            "id": "12647576",
            "labels": {
              "cluster": "k3s",
              "engine": "k3s",
              "provisioner": "terraform"
            },
            "name": "k3s",
            "public_key": "ssh-ed25519 AAAAC3NzaC1lZDI1NTE5AAAAIHROzDmztQ/VcUkUFFAoz9D676Yq874SVb3TIYHmdvxw github@dirli.net\n"
          },
          "sensitive_attributes": [],
          "private": "bnVsbA=="
        }
      ]
    },
    {
      "module": "module.kube-hetzner",
      "mode": "managed",
      "type": "local_file",
      "name": "kustomization_backup",
      "provider": "provider[\"registry.terraform.io/hashicorp/local\"]",
      "instances": [
        {
          "index_key": 0,
          "schema_version": 0,
          "attributes": {
            "content": "\"apiVersion\": \"kustomize.config.k8s.io/v1beta1\"\n\"kind\": \"Kustomization\"\n\"patchesStrategicMerge\":\n- |\n  apiVersion: apps/v1\n  kind: Deployment\n  metadata:\n    name: system-upgrade-controller\n    namespace: system-upgrade\n  spec:\n    template:\n      spec:\n        containers:\n          - name: system-upgrade-controller\n            volumeMounts:\n              - name: ca-certificates\n                mountPath: /var/lib/ca-certificates\n        volumes:\n          - name: ca-certificates\n            hostPath:\n              path: /var/lib/ca-certificates\n              type: Directory\n- \"kured.yaml\"\n- \"ccm.yaml\"\n\"resources\":\n- \"https://github.com/hetznercloud/hcloud-cloud-controller-manager/releases/download/v1.16.0/ccm-networks.yaml\"\n- \"https://github.com/weaveworks/kured/releases/download/1.13.1/kured-1.13.1-dockerhub.yaml\"\n- \"https://raw.githubusercontent.com/rancher/system-upgrade-controller/master/manifests/system-upgrade-controller.yaml\"\n- \"hcloud-csi.yml\"\n- \"traefik_ingress.yaml\"\n- \"cert_manager.yaml\"\n",
            "content_base64": null,
            "content_base64sha256": "qJK/v3VMEJu29b4aUlytsRXUAyJqyjGt/W10ya0Yj+8=",
            "content_base64sha512": "3UqyPH76snU5gkcNVlO2GKyZCcxmE0yc2CuGOT/UznVWC8LhB1Yg7TkX2iSWnHBmc0I7zRjdPFuRFEg6Nejs2Q==",
            "content_md5": "34bcc3fede18580c0650513d8021125d",
            "content_sha1": "0512bc8327bf8b244ed82df4c00a6333f229ea17",
            "content_sha256": "a892bfbf754c109bb6f5be1a525cadb115d403226aca31adfd6d74c9ad188fef",
            "content_sha512": "dd4ab23c7efab2753982470d5653b618ac9909cc66134c9cd82b86393fd4ce75560bc2e1075620ed3917da24969c706673423bcd18dd3c5b9114483a35e8ecd9",
            "directory_permission": "0777",
            "file_permission": "600",
            "filename": "k3s_kustomization_backup.yaml",
            "id": "0512bc8327bf8b244ed82df4c00a6333f229ea17",
            "sensitive_content": null,
            "source": null
          },
          "sensitive_attributes": [],
          "dependencies": [
            "module.kube-hetzner.data.github_release.calico",
            "module.kube-hetzner.data.github_release.hetzner_ccm",
            "module.kube-hetzner.data.github_release.hetzner_csi",
            "module.kube-hetzner.data.github_release.kured",
            "module.kube-hetzner.data.hcloud_image.microos_arm_snapshot",
            "module.kube-hetzner.data.hcloud_image.microos_x86_snapshot",
            "module.kube-hetzner.data.hcloud_ssh_keys.keys_by_selector",
            "module.kube-hetzner.data.remote_file.kustomization_backup",
            "module.kube-hetzner.hcloud_firewall.k3s",
            "module.kube-hetzner.hcloud_load_balancer.control_plane",
            "module.kube-hetzner.hcloud_load_balancer_network.control_plane",
            "module.kube-hetzner.hcloud_network.k3s",
            "module.kube-hetzner.hcloud_network_subnet.control_plane",
            "module.kube-hetzner.hcloud_placement_group.control_plane",
            "module.kube-hetzner.hcloud_ssh_key.k3s",
            "module.kube-hetzner.hcloud_volume.longhorn_volume",
            "module.kube-hetzner.module.control_planes.data.cloudinit_config.config",
            "module.kube-hetzner.module.control_planes.hcloud_rdns.server",
            "module.kube-hetzner.module.control_planes.hcloud_server.server",
            "module.kube-hetzner.module.control_planes.hcloud_server_network.server",
            "module.kube-hetzner.module.control_planes.null_resource.registries",
            "module.kube-hetzner.module.control_planes.random_string.identity_file",
            "module.kube-hetzner.module.control_planes.random_string.server",
            "module.kube-hetzner.null_resource.first_control_plane",
            "module.kube-hetzner.null_resource.kustomization",
            "module.kube-hetzner.random_password.k3s_token",
            "module.kube-hetzner.random_password.rancher_bootstrap"
          ]
        }
      ]
    },
    {
      "module": "module.kube-hetzner",
      "mode": "managed",
      "type": "null_resource",
      "name": "control_planes",
      "provider": "provider[\"registry.terraform.io/hashicorp/null\"]",
      "instances": [
        {
          "index_key": "0-0-control-plane-fsn1",
          "schema_version": 0,
          "attributes": {
            "id": "7652614701374443490",
            "triggers": {
              "control_plane_id": "34667818"
            }
          },
          "sensitive_attributes": [],
          "dependencies": [
            "module.kube-hetzner.data.hcloud_image.microos_arm_snapshot",
            "module.kube-hetzner.data.hcloud_image.microos_x86_snapshot",
            "module.kube-hetzner.data.hcloud_ssh_keys.keys_by_selector",
            "module.kube-hetzner.hcloud_firewall.k3s",
            "module.kube-hetzner.hcloud_load_balancer.control_plane",
            "module.kube-hetzner.hcloud_load_balancer_network.control_plane",
            "module.kube-hetzner.hcloud_network.k3s",
            "module.kube-hetzner.hcloud_network_subnet.control_plane",
            "module.kube-hetzner.hcloud_placement_group.control_plane",
            "module.kube-hetzner.hcloud_ssh_key.k3s",
            "module.kube-hetzner.module.control_planes.data.cloudinit_config.config",
            "module.kube-hetzner.module.control_planes.hcloud_rdns.server",
            "module.kube-hetzner.module.control_planes.hcloud_server.server",
            "module.kube-hetzner.module.control_planes.hcloud_server_network.server",
            "module.kube-hetzner.module.control_planes.null_resource.registries",
            "module.kube-hetzner.module.control_planes.random_string.identity_file",
            "module.kube-hetzner.module.control_planes.random_string.server",
            "module.kube-hetzner.null_resource.first_control_plane",
            "module.kube-hetzner.random_password.k3s_token"
          ]
        }
      ]
    },
    {
      "module": "module.kube-hetzner",
      "mode": "managed",
      "type": "null_resource",
      "name": "first_control_plane",
      "provider": "provider[\"registry.terraform.io/hashicorp/null\"]",
      "instances": [
        {
          "schema_version": 0,
          "attributes": {
            "id": "7620203331981103441",
            "triggers": null
          },
          "sensitive_attributes": [],
          "dependencies": [
            "module.kube-hetzner.data.hcloud_image.microos_arm_snapshot",
            "module.kube-hetzner.data.hcloud_image.microos_x86_snapshot",
            "module.kube-hetzner.data.hcloud_ssh_keys.keys_by_selector",
            "module.kube-hetzner.hcloud_firewall.k3s",
            "module.kube-hetzner.hcloud_load_balancer.control_plane",
            "module.kube-hetzner.hcloud_load_balancer_network.control_plane",
            "module.kube-hetzner.hcloud_network.k3s",
            "module.kube-hetzner.hcloud_network_subnet.control_plane",
            "module.kube-hetzner.hcloud_placement_group.control_plane",
            "module.kube-hetzner.hcloud_ssh_key.k3s",
            "module.kube-hetzner.module.control_planes.data.cloudinit_config.config",
            "module.kube-hetzner.module.control_planes.hcloud_rdns.server",
            "module.kube-hetzner.module.control_planes.hcloud_server.server",
            "module.kube-hetzner.module.control_planes.hcloud_server_network.server",
            "module.kube-hetzner.module.control_planes.null_resource.registries",
            "module.kube-hetzner.module.control_planes.random_string.identity_file",
            "module.kube-hetzner.module.control_planes.random_string.server",
            "module.kube-hetzner.random_password.k3s_token"
          ]
        }
      ]
    },
    {
      "module": "module.kube-hetzner",
      "mode": "managed",
      "type": "null_resource",
      "name": "kustomization",
      "provider": "provider[\"registry.terraform.io/hashicorp/null\"]",
      "instances": [
        {
          "schema_version": 0,
          "attributes": {
            "id": "7306187856642250713",
            "triggers": {
              "helm_values_yaml": "deployment:\n  replicas: 1\nglobalArguments: []\nservice:\n  enabled: true\n  type: LoadBalancer\nports:\n  web:\n    redirectTo: websecure\npodDisruptionBudget:\n  enabled: true\n  maxUnavailable: 33%\nadditionalArguments:\n  - \"--entrypoints.tcp=true\"\nresources:\n  requests:\n    cpu: \"100m\"\n    memory: \"50Mi\"\n  limits:\n    cpu: \"300m\"\n    memory: \"150Mi\"\nautoscaling:\n  enabled: true\n  minReplicas: 1\n  maxReplicas: 10\n---\ncontroller:\n  watchIngressWithoutClass: \"true\"\n  kind: \"Deployment\"\n  replicaCount: 1\n  config:\n    \"use-forwarded-headers\": \"true\"\n    \"compute-full-forwarded-for\": \"true\"\n    \"use-proxy-protocol\": \"false\"\n---\nkind: DaemonSet\napiVersion: apps/v1\nmetadata:\n  name: calico-node\n  namespace: kube-system\n  labels:\n    k8s-app: calico-node\nspec:\n  template:\n    spec:\n      volumes:\n        - name: flexvol-driver-host\n          hostPath:\n            type: DirectoryOrCreate\n            path: /var/lib/kubelet/volumeplugins/nodeagent~uds\n      containers:\n        - name: calico-node\n          env:\n            - name: CALICO_IPV4POOL_CIDR\n              value: \"10.42.0.0/16\"\n            - name: FELIX_WIREGUARDENABLED\n              value: \"false\"\n\n---\nipam:\n operator:\n  clusterPoolIPv4PodCIDRList:\n   - 10.42.0.0/16\ndevices: \"eth1\"\nextraConfig:\n  mtu: \"1450\"\n---\ndefaultSettings:\n  defaultDataPath: /var/longhorn\npersistence:\n  defaultFsType: ext4\n  defaultClassReplicaCount: 3\n  defaultClass: false---\n---\ninstallCRDs: true\n---\nhostname: \"\"\nreplicas: 1\nbootstrapPassword: \"OhWLeH0HTrpi9XSZdXHIwgG0bJGxE7q6q2PhFLvF9uIUTQ26\"\nglobal:\n  cattle:\n    psp:\n      enabled: false\n",
              "options": "",
              "versions": "v1.26\nv1.26.2\nN/A\nN/A\nN/A\nN/A"
            }
          },
          "sensitive_attributes": [
            [
              {
                "type": "get_attr",
                "value": "triggers"
              },
              {
                "type": "index",
                "value": {
                  "value": "helm_values_yaml",
                  "type": "string"
                }
              }
            ]
          ],
          "dependencies": [
            "module.kube-hetzner.data.github_release.calico",
            "module.kube-hetzner.data.github_release.hetzner_ccm",
            "module.kube-hetzner.data.github_release.hetzner_csi",
            "module.kube-hetzner.data.github_release.kured",
            "module.kube-hetzner.data.hcloud_image.microos_arm_snapshot",
            "module.kube-hetzner.data.hcloud_image.microos_x86_snapshot",
            "module.kube-hetzner.data.hcloud_ssh_keys.keys_by_selector",
            "module.kube-hetzner.hcloud_firewall.k3s",
            "module.kube-hetzner.hcloud_load_balancer.control_plane",
            "module.kube-hetzner.hcloud_load_balancer_network.control_plane",
            "module.kube-hetzner.hcloud_network.k3s",
            "module.kube-hetzner.hcloud_network_subnet.control_plane",
            "module.kube-hetzner.hcloud_placement_group.control_plane",
            "module.kube-hetzner.hcloud_ssh_key.k3s",
            "module.kube-hetzner.hcloud_volume.longhorn_volume",
            "module.kube-hetzner.module.control_planes.data.cloudinit_config.config",
            "module.kube-hetzner.module.control_planes.hcloud_rdns.server",
            "module.kube-hetzner.module.control_planes.hcloud_server.server",
            "module.kube-hetzner.module.control_planes.hcloud_server_network.server",
            "module.kube-hetzner.module.control_planes.null_resource.registries",
            "module.kube-hetzner.module.control_planes.random_string.identity_file",
            "module.kube-hetzner.module.control_planes.random_string.server",
            "module.kube-hetzner.null_resource.first_control_plane",
            "module.kube-hetzner.random_password.k3s_token",
            "module.kube-hetzner.random_password.rancher_bootstrap"
          ]
        }
      ]
    },
    {
      "module": "module.kube-hetzner",
      "mode": "managed",
      "type": "random_password",
      "name": "k3s_token",
      "provider": "provider[\"registry.terraform.io/hashicorp/random\"]",
      "instances": [
        {
          "schema_version": 3,
          "attributes": {
            "bcrypt_hash": "$2a$10$KW4ZnCidv2SCuhsVbu/DTuZGzSYExOjH/z2Kw3r5f81tYZ46zOAie",
            "id": "none",
            "keepers": null,
            "length": 48,
            "lower": true,
            "min_lower": 0,
            "min_numeric": 0,
            "min_special": 0,
            "min_upper": 0,
            "number": true,
            "numeric": true,
            "override_special": null,
            "result": "jB5bktJwDcIRfK0yjP2LLqr1oAeFD5nhuGJ6uIEZy0eRUglO",
            "special": false,
            "upper": true
          },
          "sensitive_attributes": []
        }
      ]
    },
    {
      "module": "module.kube-hetzner",
      "mode": "managed",
      "type": "random_password",
      "name": "rancher_bootstrap",
      "provider": "provider[\"registry.terraform.io/hashicorp/random\"]",
      "instances": [
        {
          "index_key": 0,
          "schema_version": 3,
          "attributes": {
            "bcrypt_hash": "$2a$10$2Urp.aLGtPvK0syNtuDJBuH6GS7MeBihdYracTaVwpk5hMvvrl0gi",
            "id": "none",
            "keepers": null,
            "length": 48,
            "lower": true,
            "min_lower": 0,
            "min_numeric": 0,
            "min_special": 0,
            "min_upper": 0,
            "number": true,
            "numeric": true,
            "override_special": null,
            "result": "OhWLeH0HTrpi9XSZdXHIwgG0bJGxE7q6q2PhFLvF9uIUTQ26",
            "special": false,
            "upper": true
          },
          "sensitive_attributes": []
        }
      ]
    },
    {
      "module": "module.kube-hetzner.module.control_planes[\"0-0-control-plane-fsn1\"]",
      "mode": "data",
      "type": "cloudinit_config",
      "name": "config",
      "provider": "provider[\"registry.terraform.io/hashicorp/cloudinit\"]",
      "instances": [
        {
          "schema_version": 0,
          "attributes": {
            "base64_encode": true,
            "boundary": "MIMEBOUNDARY",
            "gzip": true,
            "id": "1059285572",
            "part": [
              {
                "content": "#cloud-config\n\ndebug: True\n\nwrite_files:\n\n# Script to rename the private interface to eth1\n- path: /etc/cloud/rename_interface.sh\n  content: |\n    #!/bin/bash\n    set -euo pipefail\n\n    sleep 11\n    \n    INTERFACE=$(ip link show | awk '/^3:/{print $2}' | sed 's/://g')\n    MAC=$(cat /sys/class/net/$INTERFACE/address)\n    \n    cat \u003c\u003cEOF \u003e /etc/udev/rules.d/70-persistent-net.rules\n    SUBSYSTEM==\"net\", ACTION==\"add\", DRIVERS==\"?*\", ATTR{address}==\"$MAC\", NAME=\"eth1\"\n    EOF\n\n    ip link set $INTERFACE down\n    ip link set $INTERFACE name eth1\n    ip link set eth1 up\n  permissions: \"0744\"\n\n# Disable ssh password authentication\n- content: |\n    Port 22\n    PasswordAuthentication no\n    X11Forwarding no\n    MaxAuthTries 2\n    AllowTcpForwarding no\n    AllowAgentForwarding no\n    AuthorizedKeysFile .ssh/authorized_keys\n  path: /etc/ssh/sshd_config.d/kube-hetzner.conf\n\n# Set reboot method as \"kured\"\n- content: |\n    REBOOT_METHOD=kured\n  path: /etc/transactional-update.conf\n\n# Create Rancher repo config\n- content: |\n    [rancher-k3s-common-stable]\n    name=Rancher K3s Common (stable)\n    baseurl=https://rpm.rancher.io/k3s/stable/common/microos/noarch\n    enabled=1\n    gpgcheck=1\n    repo_gpgcheck=0\n    gpgkey=https://rpm.rancher.io/public.key\n  path: /etc/zypp/repos.d/rancher-k3s-common.repo\n\n# Create the kube_hetzner_selinux.te file, that allows in SELinux to not interfere with various needed services\n- path: /root/kube_hetzner_selinux.te\n  content: |\n    module kube_hetzner_selinux 1.0;\n\n    require {\n      type kernel_t, bin_t, kernel_generic_helper_t, iscsid_t, iscsid_exec_t, var_run_t,\n      init_t, unlabeled_t, systemd_logind_t, systemd_hostnamed_t, container_t,\n      cert_t, container_var_lib_t, etc_t, usr_t, container_file_t, container_log_t,\n      container_share_t, container_runtime_exec_t, container_runtime_t, var_log_t, proc_t;\n      class key { read view };\n      class file { open read execute execute_no_trans create link lock rename write append setattr unlink getattr watch };\n      class sock_file { watch write create unlink };\n      class unix_dgram_socket create;\n      class unix_stream_socket { connectto read write };\n      class dir { add_name create getattr link lock read rename remove_name reparent rmdir setattr unlink search write watch };\n      class lnk_file { read create };\n      class system module_request;\n      class filesystem associate;\n    }\n\n    #============= kernel_generic_helper_t ==============\n    allow kernel_generic_helper_t bin_t:file execute_no_trans;\n    allow kernel_generic_helper_t kernel_t:key { read view };\n    allow kernel_generic_helper_t self:unix_dgram_socket create;\n\n    #============= iscsid_t ==============\n    allow iscsid_t iscsid_exec_t:file execute;\n    allow iscsid_t var_run_t:sock_file write;\n    allow iscsid_t var_run_t:unix_stream_socket connectto;\n\n    #============= init_t ==============\n    allow init_t unlabeled_t:dir { add_name remove_name rmdir };\n    allow init_t unlabeled_t:lnk_file create;\n    allow init_t container_t:file { open read };\n\n    #============= systemd_logind_t ==============\n    allow systemd_logind_t unlabeled_t:dir search;\n\n    #============= systemd_hostnamed_t ==============\n    allow systemd_hostnamed_t unlabeled_t:dir search;\n\n    #============= container_t ==============\n    # Basic file and directory operations for specific types\n    allow container_t cert_t:dir read;\n    allow container_t cert_t:lnk_file read;\n    allow container_t cert_t:file { read open };\n    allow container_t container_var_lib_t:file { create open read write rename lock };\n    allow container_t etc_t:dir { add_name remove_name write create setattr };\n    allow container_t etc_t:sock_file { create unlink };\n    allow container_t usr_t:dir { add_name create getattr link lock read rename remove_name reparent rmdir setattr unlink search write };\n    allow container_t usr_t:file { append create execute getattr link lock read rename setattr unlink write };\n\n    # Additional rules for container_t\n    allow container_t container_file_t:file { open read write append getattr setattr };\n    allow container_t container_file_t:sock_file watch;\n    allow container_t container_log_t:file { open read write append getattr setattr };\n    allow container_t container_share_t:dir { read write add_name remove_name };\n    allow container_t container_share_t:file { read write create unlink };\n    allow container_t container_runtime_exec_t:file { read execute execute_no_trans open };\n    allow container_t container_runtime_t:unix_stream_socket { connectto read write };\n    allow container_t kernel_t:system module_request;\n    allow container_t container_log_t:dir { read watch };\n    allow container_t container_log_t:file { open read watch };\n    allow container_t container_log_t:lnk_file read;\n    allow container_t var_log_t:dir { add_name write };\n    allow container_t var_log_t:file { create lock open read setattr write };\n    allow container_t var_log_t:dir remove_name;\n    allow container_t var_log_t:file unlink;\n    allow container_t proc_t:filesystem associate;\n\n# Create the k3s registries file if needed\n\n# Create k3s registries file\n- content: IA==\n  encoding: base64\n  path: /etc/rancher/k3s/registries.yaml\n\n\n# Apply new DNS config\n\n# Set prepare for manual dns config\n- content: |\n    [main]\n    dns=none\n  path: /etc/NetworkManager/conf.d/dns.conf\n\n- content: |\n        nameserver 1.1.1.1\n        nameserver 8.8.8.8\n        nameserver 9.9.9.9\n    \n  path: /etc/resolv.conf\n  permissions: '0644'\n\n\n\n# Add ssh authorized keys\nssh_authorized_keys:\n  - ssh-ed25519 AAAAC3NzaC1lZDI1NTE5AAAAIHROzDmztQ/VcUkUFFAoz9D676Yq874SVb3TIYHmdvxw github@dirli.net\n\n\n# Resize /var, not /, as that's the last partition in MicroOS image.\ngrowpart:\n    devices: [\"/var\"]\n\n# Make sure the hostname is set correctly\nhostname: k3s-control-plane-fsn1-zkw\npreserve_hostname: true\n\nruncmd:\n\n# ensure that /var uses full available disk size, thanks to btrfs this is easy\n- [btrfs, 'filesystem', 'resize', 'max', '/var']\n\n# SELinux permission for the SSH alternative port\n\n\n# Create and apply the necessary SELinux module for kube-hetzner\n- [checkmodule, '-M', '-m', '-o', '/root/kube_hetzner_selinux.mod', '/root/kube_hetzner_selinux.te']\n- ['semodule_package', '-o', '/root/kube_hetzner_selinux.pp', '-m', '/root/kube_hetzner_selinux.mod']\n- [semodule, '-i', '/root/kube_hetzner_selinux.pp']\n- [setsebool, '-P', 'virt_use_samba', '1']\n- [setsebool, '-P', 'domain_kernel_load_modules', '1']\n\n# Disable rebootmgr service as we use kured instead\n- [systemctl, disable, '--now', 'rebootmgr.service']\n\n\n# Set the dns manually\n- [systemctl, 'reload', 'NetworkManager']\n\n\n# Bounds the amount of logs that can survive on the system\n- [sed, '-i', 's/#SystemMaxUse=/SystemMaxUse=3G/g', /etc/systemd/journald.conf]\n- [sed, '-i', 's/#MaxRetentionSec=/MaxRetentionSec=1week/g', /etc/systemd/journald.conf]\n\n# Reduces the default number of snapshots from 2-10 number limit, to 4 and from 4-10 number limit important, to 2\n- [sed, '-i', 's/NUMBER_LIMIT=\"2-10\"/NUMBER_LIMIT=\"4\"/g', /etc/snapper/configs/root]\n- [sed, '-i', 's/NUMBER_LIMIT_IMPORTANT=\"4-10\"/NUMBER_LIMIT_IMPORTANT=\"3\"/g', /etc/snapper/configs/root]\n\n# Allow network interface\n- [chmod, '+x', '/etc/cloud/rename_interface.sh']\n\n# Restart the sshd service to apply the new config\n- [systemctl, 'restart', 'sshd']\n\n# Make sure the network is up\n- [systemctl, restart, NetworkManager]\n- [systemctl, status, NetworkManager]\n- [ip, route, add, default, via, '172.31.1.1', dev, 'eth0']\n\n# Cleanup some logs\n- [truncate, '-s', '0', '/var/log/audit/audit.log']\n",
                "content_type": "text/cloud-config",
                "filename": "init.cfg",
                "merge_type": null
              }
            ],
            "rendered": "H4sIAAAAAAAA/7RZe3PbNrb/XzP5DucqmVF7ryjasZu0SnV3FVvZeFrZXVvJbLaT5UDEkYgVCbAAKFlO8913DkBK1Mtyd3bjmUgEfueJ8wCPLpS0KG0wWubYhaxIrciZtmEm7pG/gbEqJGd62WsOr4aDtzcfri/7t5+aDXoKPqI2QskunHZOnjWeNYKgDnrWqHhfCpMrI6zDMmtZnGQo7RuYiBQly7DXFFLYTjyZNtdUI82kmaAOBjJWXMhpF16Pha0BnMoW720Yp6rgQazkREyfNYYiwx3lntcxjQbHcTHtwkgX2GgstLAYkTam22g8h7tYi9yCVaCdfmAThFyLObMIQlrUExYj7aNNThsB5MwmXQjRxl6V0NNFK2zHJA2A2Gvehd8bAADP/yccCxmOmdsEMGghwEJBLnKcMJE2/HKKmMPpqXtw/11djwa37/oXg96Lb0QOqZAzMIlawO/AFjNohf8464Zfci2khRcvv7bgdzDIoWXCbhhOW986JsP+Re/FNzGzEJqlCeOUGRNKtOGLFfuQca7RmG/Xogn/44+Dm3fw/97eguM81EWKpsPD1ydBTn437oAk2o7bcZR3H97efbobDYa9XlOibbahfzG6urnu9ZqM82YbLm+vPg5u73q95p/+l3ZHo9svpQJfe73mi2H/otmG6/5w0GuS35uO7eDmnXfTyhFoYW0CcLWQj+2783XHuA2iRSjyBkCOOhOGwsl0oXny+vy8SWFyKQwbpwjGJJAzYxZKc2CFTVBaETOK90awfei/KG3h5Uv/vSTqb9CAVG73b6en75ReME3BXy0O2T2hR1qgAc+ln6ZqMYrzXbDb6U9R2j17hU2UFg/If8KleSdShI4xSchW69EMl3R0teAmgDEJj3wadXg4K8YYJGgfJOoOrbr8QQsax0pZyNAmigMz0JwVGnlz1yO3g7c3N6NoOBi9v7nsOdSmVEuVgMXkG5YGRc6ZxZWsC42UlbdMxglq0JgrKJN8R9Kv2qOC2ZkJYpVlSgbG0hl+dvuuFlWcfjozcOEw8I0H+TQYM4OFTnuJtbnphqHOs07JtyNUODszoYeHXkKYiVgrZUKpmI59pqMkAO/5oJvm0zjBeFY+kgnRau2kgsxweUhmXoxTEXdmuNx03MMyz0NiR7m5a3uHtmo+pCpH5xmV5xkZTIUs7jsWXalug02YBUZRZUBIuBv8TPtUCKWyZWVEjbAQNoE500IVBiQiRw4G9VzEaNblUitlwwMCd6tlpniR7leQavybRum83wqhEb64JwC7zBFmqCWmkW3DWEj6KBemKFGLOEowzVHThjCxEbz2De8xpsc505EuiLhkTB2LNgqZsjGm6IjM0ljMeJSqqZAbK4kylsLLLZJlTEgnsmQXo7abWyQxFWNaROt0KIzehNChbK6kalrjuVo2CdNbSF1IKzJcGbi7U1rtWUKuVRzZNxVr6hYwwyV8AY2Mw1zgAr5ubpN68AVUjtKDSFZhsfqMpIpcbkPsA9CV3lTFs6rvusYMLM9RUgBZZq0mjxNuWj4umI2TbdFGxbOolO8BnlUpqGSxRVRIcR/xqWZZRPRoS/gelLEa17Av5D2JsXU3BsZLYVvsudDwBRjnkbOtVKUyo24745UDNGZqjlH5PWcapQWdEastdxik6lJK3uuTVK5c4kSUCmx7zgVsmW0RpRMau3uuJYwZo2Kx8tFXn4TPe/V/h7INNlA9R+lqy0ECl71dZ8N2CL15AnlVBroH4vZxaoPppHs4RPYZXlWTw5auEBvlZsPEN/vgq3LUXUe6O/oj6D3BuwrdAza4OveIBX6/Vga7W4G+EcMudDf8vYfBKlLr+beBrlXQ7k6Z+brfku3ifNimHeS2dT7ZHhdTq/jHJdXBf0RYzQ/7hDyHt8yI2FdiJjnVIIyt0ktyl3bXTQMTpcHkGIuJiF3DNDUN6xJ8k3JKkaPfPA5bneITsPW65A7y60GC3QZZUZcFbR0IvhiWpdTV1oNsXYt9LHI3+kdVe4+wq3ehvZ1nl9D1+G09/put4ogmpfZlCy4Vqfr44wptSV2JKyOzz7nwV3pwL4kuDGsKHD1/f/vZTf+NS0Ol4tET2+FbK6zUTY/TuYvSf16d8u5WxkSd5b4w/QMM6zn3yO3oMVabl8gNjgfvek9N79U1dF/TevzGtct21fofud4cP9v6EdRvWP9OVPwx+ifV0tVtfbt+HHHOmm6zVrmMXqtcxeyTufk+sYrNJ4r30XcI7F9DuvuvoFuvsmcGNE6FsW5Y4piLSfk6WsPuwdVHB1d910xxNYUcM4OvzjfftMuXa/f2v+bVWbIsbZCofp6nS5C4gMvru2o+UU5Kcl+tXf3LmCxYCpzeiQ4NMTImpJ9XcGl6Uknc1OUa7ULp2ZBJNkUdEp8OD7k05cxkh2M1+qA3dNRw2nF/+7a+77i/fVs/dNxfNSms+waNSude+NYsrXXy6vy81fAu4txN0tYDKHADKGOSaGso1W0ABAQOkL/87rvTH6Df7/cvzq4f2MVp+vfLq9Pr0eA7Wrt6f3vzcJk92L+GH+MPsw/v3vXVww+Xr16/+vTb96/P7z6Oz0ZXn95nfH6/gKmwSTH+Mxc6FR2J1ql1i0Y8IIRzpttuyhG2gRk3CWkZF2cpMxZypq1rZyAkDEWs1c0diIxNsdOYarWg/a4/NHRjkC782iSmzc8kZchmCKbQPnKr2yAI4yaRsdJ0bUuXjWqnC36MI61WaZCnTGIwMfI0eJgtGrn2hxKt0dbNuXUh44y7ETfKUhqzzjYoDMV+kabA5kykbrDJhZkBme8mP3JmwCoYWz0hw4Uh9ZCZZSOAX91qG1rrxGy1oaWd8+hbxu7pg0S1nMXV7GgdDy4ByPy7u/fAUotaMivmCLnS/izKhKWLLHMJRWiJMRrD9HLFspwUEbv6eJLUdDM1v9+GVjAknQKnaqCcfodnUpniRxAWW59JSMtg2V9yFs/YFJ/EP8/XyhxRw0mphBCROM67pLEGx0qlRPQLEc2FtlFhMDIsGzNaOT0E5YoqT1S20lQxHnkNTEVWm4n78W821dXcj5JmgRRm4Ea8IKSxyLiT5QImtmmbQo7oSWgg1cIHUcmqU7IiSWXtpACgYunrZrrc4tbSSHoSl82qWLJ4qwrJfRazTBXSgppAqqY+vyFmkpJyTkGopIN55t5BfOV6Ez6/cxtDdv/BYC/ceDr7SzhttcsJun/hC/+pCi1Zyl1Z/LyH35Dd3yJVaaHkHca9cHvhdIE4O8rYVTBexOit5DhhRWpBFtkYNVlrJMtNoqyBiVYZvAxOT6rdVGTCtinnz13OOcD5NgBERgnKpIe+3LXl+sPw7eA2+vlqeDXqNUlCc2vtvFkzRNJd2fctMTUuqvc4qM4guhr+cnM76l8Tqx329d2zo4KoE7lbh/QBs/69z9ePTJEW/+er2aM/+LVK7xvLtI9UY5LVHJx8VS9ii3XD34pgR++MNglv7WkXK00NFPkWfUnehs34/7wFM5bZwuxFibwNWhUW23ShbFch1Ia5YJT3r192ztyFoUV78za00CYnXs+LFJkscjDKvYBPDTG01IaYdTnuSsdJ1RnCVE1DVnBh/f+dVE1bn3d+WQ6CZ41/BQAA//9OvVi2uB4AAA=="
          },
          "sensitive_attributes": []
        }
      ]
    },
    {
      "module": "module.kube-hetzner.module.control_planes[\"0-0-control-plane-fsn1\"]",
      "mode": "managed",
      "type": "hcloud_server",
      "name": "server",
      "provider": "provider[\"registry.terraform.io/hetznercloud/hcloud\"]",
      "instances": [
        {
          "schema_version": 0,
          "attributes": {
            "allow_deprecated_images": false,
            "backup_window": "",
            "backups": false,
            "datacenter": "fsn1-dc14",
            "delete_protection": false,
            "firewall_ids": [
              963315
            ],
            "id": "34667818",
            "ignore_remote_firewall_ids": false,
            "image": "118156471",
            "ipv4_address": "91.107.213.249",
            "ipv6_address": "2a01:4f8:c012:58d4::1",
            "ipv6_network": "2a01:4f8:c012:58d4::/64",
            "iso": null,
            "keep_disk": false,
            "labels": {
              "cluster": "k3s",
              "engine": "k3s",
              "provisioner": "terraform",
              "role": "control_plane_node"
            },
            "location": "fsn1",
            "name": "k3s-control-plane-fsn1-zkw",
            "network": [],
            "placement_group_id": 181981,
            "public_net": [],
            "rebuild_protection": false,
            "rescue": null,
            "server_type": "cpx11",
            "ssh_keys": [
              "12647576"
            ],
            "status": "running",
            "timeouts": null,
            "user_data": "Iw144OuKnE9TGFoCLRInSPnXeWM="
          },
          "sensitive_attributes": [],
          "private": "eyJlMmJmYjczMC1lY2FhLTExZTYtOGY4OC0zNDM2M2JjN2M0YzAiOnsiY3JlYXRlIjo1NDAwMDAwMDAwMDAwfX0=",
          "dependencies": [
            "module.kube-hetzner.data.hcloud_image.microos_arm_snapshot",
            "module.kube-hetzner.data.hcloud_image.microos_x86_snapshot",
            "module.kube-hetzner.data.hcloud_ssh_keys.keys_by_selector",
            "module.kube-hetzner.hcloud_firewall.k3s",
            "module.kube-hetzner.hcloud_network.k3s",
            "module.kube-hetzner.hcloud_network_subnet.control_plane",
            "module.kube-hetzner.hcloud_placement_group.control_plane",
            "module.kube-hetzner.hcloud_ssh_key.k3s",
            "module.kube-hetzner.module.control_planes.data.cloudinit_config.config",
            "module.kube-hetzner.module.control_planes.random_string.identity_file",
            "module.kube-hetzner.module.control_planes.random_string.server"
          ]
        }
      ]
    },
    {
      "module": "module.kube-hetzner.module.control_planes[\"0-0-control-plane-fsn1\"]",
      "mode": "managed",
      "type": "hcloud_server_network",
      "name": "server",
      "provider": "provider[\"registry.terraform.io/hetznercloud/hcloud\"]",
      "instances": [
        {
          "schema_version": 0,
          "attributes": {
            "alias_ips": null,
            "id": "34667818-3100730",
            "ip": "10.255.0.101",
            "mac_address": "86:00:00:50:67:bb",
            "network_id": null,
            "server_id": 34667818,
            "subnet_id": "3100730-10.255.0.0/16"
          },
          "sensitive_attributes": [],
          "private": "bnVsbA==",
          "dependencies": [
            "module.kube-hetzner.data.hcloud_image.microos_arm_snapshot",
            "module.kube-hetzner.data.hcloud_image.microos_x86_snapshot",
            "module.kube-hetzner.data.hcloud_ssh_keys.keys_by_selector",
            "module.kube-hetzner.hcloud_firewall.k3s",
            "module.kube-hetzner.hcloud_network.k3s",
            "module.kube-hetzner.hcloud_network_subnet.control_plane",
            "module.kube-hetzner.hcloud_placement_group.control_plane",
            "module.kube-hetzner.hcloud_ssh_key.k3s",
            "module.kube-hetzner.module.control_planes.data.cloudinit_config.config",
            "module.kube-hetzner.module.control_planes.hcloud_server.server",
            "module.kube-hetzner.module.control_planes.random_string.identity_file",
            "module.kube-hetzner.module.control_planes.random_string.server"
          ]
        }
      ]
    },
    {
      "module": "module.kube-hetzner.module.control_planes[\"0-0-control-plane-fsn1\"]",
      "mode": "managed",
      "type": "null_resource",
      "name": "registries",
      "provider": "provider[\"registry.terraform.io/hashicorp/null\"]",
      "instances": [
        {
          "schema_version": 0,
          "attributes": {
            "id": "2907954206231631612",
            "triggers": {
              "registries": " "
            }
          },
          "sensitive_attributes": [],
          "dependencies": [
            "module.kube-hetzner.data.hcloud_image.microos_arm_snapshot",
            "module.kube-hetzner.data.hcloud_image.microos_x86_snapshot",
            "module.kube-hetzner.data.hcloud_ssh_keys.keys_by_selector",
            "module.kube-hetzner.hcloud_firewall.k3s",
            "module.kube-hetzner.hcloud_network.k3s",
            "module.kube-hetzner.hcloud_network_subnet.control_plane",
            "module.kube-hetzner.hcloud_placement_group.control_plane",
            "module.kube-hetzner.hcloud_ssh_key.k3s",
            "module.kube-hetzner.module.control_planes.data.cloudinit_config.config",
            "module.kube-hetzner.module.control_planes.hcloud_server.server",
            "module.kube-hetzner.module.control_planes.random_string.identity_file",
            "module.kube-hetzner.module.control_planes.random_string.server"
          ]
        }
      ]
    },
    {
      "module": "module.kube-hetzner.module.control_planes[\"0-0-control-plane-fsn1\"]",
      "mode": "managed",
      "type": "random_string",
      "name": "identity_file",
      "provider": "provider[\"registry.terraform.io/hashicorp/random\"]",
      "instances": [
        {
          "schema_version": 2,
          "attributes": {
            "id": "hs41mkbjww942pgokrme",
            "keepers": null,
            "length": 20,
            "lower": true,
            "min_lower": 0,
            "min_numeric": 0,
            "min_special": 0,
            "min_upper": 0,
            "number": true,
            "numeric": true,
            "override_special": null,
            "result": "hs41mkbjww942pgokrme",
            "special": false,
            "upper": false
          },
          "sensitive_attributes": [],
          "dependencies": [
            "module.kube-hetzner.hcloud_network.k3s",
            "module.kube-hetzner.hcloud_network_subnet.control_plane",
            "module.kube-hetzner.hcloud_placement_group.control_plane"
          ]
        }
      ]
    },
    {
      "module": "module.kube-hetzner.module.control_planes[\"0-0-control-plane-fsn1\"]",
      "mode": "managed",
      "type": "random_string",
      "name": "server",
      "provider": "provider[\"registry.terraform.io/hashicorp/random\"]",
      "instances": [
        {
          "schema_version": 2,
          "attributes": {
            "id": "zkw",
            "keepers": {
              "name": "k3s-control-plane-fsn1"
            },
            "length": 3,
            "lower": true,
            "min_lower": 0,
            "min_numeric": 0,
            "min_special": 0,
            "min_upper": 0,
            "number": false,
            "numeric": false,
            "override_special": null,
            "result": "zkw",
            "special": false,
            "upper": false
          },
          "sensitive_attributes": [],
          "dependencies": [
            "module.kube-hetzner.hcloud_network.k3s",
            "module.kube-hetzner.hcloud_network_subnet.control_plane",
            "module.kube-hetzner.hcloud_placement_group.control_plane"
          ]
        }
      ]
    }
  ],
  "check_results": null
}
